// !$*UTF8*$!
{
	archiveVersion = 1;
	classes = {
	};
	objectVersion = 50;
	objects = {

/* Begin PBXBuildFile section */
		74EC9879252D819E00BBC7A3 /* AppDelegate.swift in Sources */ = {isa = PBXBuildFile; fileRef = 74EC9878252D819E00BBC7A3 /* AppDelegate.swift */; };
		74EC987B252D819E00BBC7A3 /* SceneDelegate.swift in Sources */ = {isa = PBXBuildFile; fileRef = 74EC987A252D819E00BBC7A3 /* SceneDelegate.swift */; };
		74EC987D252D819E00BBC7A3 /* ViewController.swift in Sources */ = {isa = PBXBuildFile; fileRef = 74EC987C252D819E00BBC7A3 /* ViewController.swift */; };
		74EC9880252D819E00BBC7A3 /* Main.storyboard in Resources */ = {isa = PBXBuildFile; fileRef = 74EC987E252D819E00BBC7A3 /* Main.storyboard */; };
		74EC9882252D81A000BBC7A3 /* Assets.xcassets in Resources */ = {isa = PBXBuildFile; fileRef = 74EC9881252D81A000BBC7A3 /* Assets.xcassets */; };
		74EC9885252D81A000BBC7A3 /* LaunchScreen.storyboard in Resources */ = {isa = PBXBuildFile; fileRef = 74EC9883252D81A000BBC7A3 /* LaunchScreen.storyboard */; };
		74EC9890252D81A000BBC7A3 /* GihubActionTestTests.swift in Sources */ = {isa = PBXBuildFile; fileRef = 74EC988F252D81A000BBC7A3 /* GihubActionTestTests.swift */; };
		74EC989B252D81A100BBC7A3 /* GihubActionTestUITests.swift in Sources */ = {isa = PBXBuildFile; fileRef = 74EC989A252D81A100BBC7A3 /* GihubActionTestUITests.swift */; };
/* End PBXBuildFile section */

/* Begin PBXContainerItemProxy section */
		74EC988C252D81A000BBC7A3 /* PBXContainerItemProxy */ = {
			isa = PBXContainerItemProxy;
			containerPortal = 74EC986D252D819E00BBC7A3 /* Project object */;
			proxyType = 1;
			remoteGlobalIDString = 74EC9874252D819E00BBC7A3;
			remoteInfo = GihubActionTest;
		};
		74EC9897252D81A100BBC7A3 /* PBXContainerItemProxy */ = {
			isa = PBXContainerItemProxy;
			containerPortal = 74EC986D252D819E00BBC7A3 /* Project object */;
			proxyType = 1;
			remoteGlobalIDString = 74EC9874252D819E00BBC7A3;
			remoteInfo = GihubActionTest;
		};
/* End PBXContainerItemProxy section */

/* Begin PBXFileReference section */
		74EC9875252D819E00BBC7A3 /* GihubActionTest.app */ = {isa = PBXFileReference; explicitFileType = wrapper.application; includeInIndex = 0; path = GihubActionTest.app; sourceTree = BUILT_PRODUCTS_DIR; };
		74EC9878252D819E00BBC7A3 /* AppDelegate.swift */ = {isa = PBXFileReference; lastKnownFileType = sourcecode.swift; path = AppDelegate.swift; sourceTree = "<group>"; };
		74EC987A252D819E00BBC7A3 /* SceneDelegate.swift */ = {isa = PBXFileReference; lastKnownFileType = sourcecode.swift; path = SceneDelegate.swift; sourceTree = "<group>"; };
		74EC987C252D819E00BBC7A3 /* ViewController.swift */ = {isa = PBXFileReference; lastKnownFileType = sourcecode.swift; path = ViewController.swift; sourceTree = "<group>"; };
		74EC987F252D819E00BBC7A3 /* Base */ = {isa = PBXFileReference; lastKnownFileType = file.storyboard; name = Base; path = Base.lproj/Main.storyboard; sourceTree = "<group>"; };
		74EC9881252D81A000BBC7A3 /* Assets.xcassets */ = {isa = PBXFileReference; lastKnownFileType = folder.assetcatalog; path = Assets.xcassets; sourceTree = "<group>"; };
		74EC9884252D81A000BBC7A3 /* Base */ = {isa = PBXFileReference; lastKnownFileType = file.storyboard; name = Base; path = Base.lproj/LaunchScreen.storyboard; sourceTree = "<group>"; };
		74EC9886252D81A000BBC7A3 /* Info.plist */ = {isa = PBXFileReference; lastKnownFileType = text.plist.xml; path = Info.plist; sourceTree = "<group>"; };
		74EC988B252D81A000BBC7A3 /* GihubActionTestTests.xctest */ = {isa = PBXFileReference; explicitFileType = wrapper.cfbundle; includeInIndex = 0; path = GihubActionTestTests.xctest; sourceTree = BUILT_PRODUCTS_DIR; };
		74EC988F252D81A000BBC7A3 /* GihubActionTestTests.swift */ = {isa = PBXFileReference; lastKnownFileType = sourcecode.swift; path = GihubActionTestTests.swift; sourceTree = "<group>"; };
		74EC9891252D81A000BBC7A3 /* Info.plist */ = {isa = PBXFileReference; lastKnownFileType = text.plist.xml; path = Info.plist; sourceTree = "<group>"; };
		74EC9896252D81A000BBC7A3 /* GihubActionTestUITests.xctest */ = {isa = PBXFileReference; explicitFileType = wrapper.cfbundle; includeInIndex = 0; path = GihubActionTestUITests.xctest; sourceTree = BUILT_PRODUCTS_DIR; };
		74EC989A252D81A100BBC7A3 /* GihubActionTestUITests.swift */ = {isa = PBXFileReference; lastKnownFileType = sourcecode.swift; path = GihubActionTestUITests.swift; sourceTree = "<group>"; };
		74EC989C252D81A100BBC7A3 /* Info.plist */ = {isa = PBXFileReference; lastKnownFileType = text.plist.xml; path = Info.plist; sourceTree = "<group>"; };
/* End PBXFileReference section */

/* Begin PBXFrameworksBuildPhase section */
		74EC9872252D819E00BBC7A3 /* Frameworks */ = {
			isa = PBXFrameworksBuildPhase;
			buildActionMask = 2147483647;
			files = (
			);
			runOnlyForDeploymentPostprocessing = 0;
		};
		74EC9888252D81A000BBC7A3 /* Frameworks */ = {
			isa = PBXFrameworksBuildPhase;
			buildActionMask = 2147483647;
			files = (
			);
			runOnlyForDeploymentPostprocessing = 0;
		};
		74EC9893252D81A000BBC7A3 /* Frameworks */ = {
			isa = PBXFrameworksBuildPhase;
			buildActionMask = 2147483647;
			files = (
			);
			runOnlyForDeploymentPostprocessing = 0;
		};
/* End PBXFrameworksBuildPhase section */

/* Begin PBXGroup section */
		74EC986C252D819E00BBC7A3 = {
			isa = PBXGroup;
			children = (
				74EC9877252D819E00BBC7A3 /* GihubActionTest */,
				74EC988E252D81A000BBC7A3 /* GihubActionTestTests */,
				74EC9899252D81A100BBC7A3 /* GihubActionTestUITests */,
				74EC9876252D819E00BBC7A3 /* Products */,
			);
			sourceTree = "<group>";
		};
		74EC9876252D819E00BBC7A3 /* Products */ = {
			isa = PBXGroup;
			children = (
				74EC9875252D819E00BBC7A3 /* GihubActionTest.app */,
				74EC988B252D81A000BBC7A3 /* GihubActionTestTests.xctest */,
				74EC9896252D81A000BBC7A3 /* GihubActionTestUITests.xctest */,
			);
			name = Products;
			sourceTree = "<group>";
		};
		74EC9877252D819E00BBC7A3 /* GihubActionTest */ = {
			isa = PBXGroup;
			children = (
				74EC9878252D819E00BBC7A3 /* AppDelegate.swift */,
				74EC987A252D819E00BBC7A3 /* SceneDelegate.swift */,
				74EC987C252D819E00BBC7A3 /* ViewController.swift */,
				74EC987E252D819E00BBC7A3 /* Main.storyboard */,
				74EC9881252D81A000BBC7A3 /* Assets.xcassets */,
				74EC9883252D81A000BBC7A3 /* LaunchScreen.storyboard */,
				74EC9886252D81A000BBC7A3 /* Info.plist */,
			);
			path = GihubActionTest;
			sourceTree = "<group>";
		};
		74EC988E252D81A000BBC7A3 /* GihubActionTestTests */ = {
			isa = PBXGroup;
			children = (
				74EC988F252D81A000BBC7A3 /* GihubActionTestTests.swift */,
				74EC9891252D81A000BBC7A3 /* Info.plist */,
			);
			path = GihubActionTestTests;
			sourceTree = "<group>";
		};
		74EC9899252D81A100BBC7A3 /* GihubActionTestUITests */ = {
			isa = PBXGroup;
			children = (
				74EC989A252D81A100BBC7A3 /* GihubActionTestUITests.swift */,
				74EC989C252D81A100BBC7A3 /* Info.plist */,
			);
			path = GihubActionTestUITests;
			sourceTree = "<group>";
		};
/* End PBXGroup section */

/* Begin PBXNativeTarget section */
		74EC9874252D819E00BBC7A3 /* GihubActionTest */ = {
			isa = PBXNativeTarget;
			buildConfigurationList = 74EC989F252D81A100BBC7A3 /* Build configuration list for PBXNativeTarget "GihubActionTest" */;
			buildPhases = (
				74EC9871252D819E00BBC7A3 /* Sources */,
				74EC9872252D819E00BBC7A3 /* Frameworks */,
				74EC9873252D819E00BBC7A3 /* Resources */,
			);
			buildRules = (
			);
			dependencies = (
			);
			name = GihubActionTest;
			productName = GihubActionTest;
			productReference = 74EC9875252D819E00BBC7A3 /* GihubActionTest.app */;
			productType = "com.apple.product-type.application";
		};
		74EC988A252D81A000BBC7A3 /* GihubActionTestTests */ = {
			isa = PBXNativeTarget;
			buildConfigurationList = 74EC98A2252D81A100BBC7A3 /* Build configuration list for PBXNativeTarget "GihubActionTestTests" */;
			buildPhases = (
				74EC9887252D81A000BBC7A3 /* Sources */,
				74EC9888252D81A000BBC7A3 /* Frameworks */,
				74EC9889252D81A000BBC7A3 /* Resources */,
			);
			buildRules = (
			);
			dependencies = (
				74EC988D252D81A000BBC7A3 /* PBXTargetDependency */,
			);
			name = GihubActionTestTests;
			productName = GihubActionTestTests;
			productReference = 74EC988B252D81A000BBC7A3 /* GihubActionTestTests.xctest */;
			productType = "com.apple.product-type.bundle.unit-test";
		};
		74EC9895252D81A000BBC7A3 /* GihubActionTestUITests */ = {
			isa = PBXNativeTarget;
			buildConfigurationList = 74EC98A5252D81A100BBC7A3 /* Build configuration list for PBXNativeTarget "GihubActionTestUITests" */;
			buildPhases = (
				74EC9892252D81A000BBC7A3 /* Sources */,
				74EC9893252D81A000BBC7A3 /* Frameworks */,
				74EC9894252D81A000BBC7A3 /* Resources */,
			);
			buildRules = (
			);
			dependencies = (
				74EC9898252D81A100BBC7A3 /* PBXTargetDependency */,
			);
			name = GihubActionTestUITests;
			productName = GihubActionTestUITests;
			productReference = 74EC9896252D81A000BBC7A3 /* GihubActionTestUITests.xctest */;
			productType = "com.apple.product-type.bundle.ui-testing";
		};
/* End PBXNativeTarget section */

/* Begin PBXProject section */
		74EC986D252D819E00BBC7A3 /* Project object */ = {
			isa = PBXProject;
			attributes = {
				LastSwiftUpdateCheck = 1200;
				LastUpgradeCheck = 1200;
				TargetAttributes = {
					74EC9874252D819E00BBC7A3 = {
						CreatedOnToolsVersion = 12.0.1;
					};
					74EC988A252D81A000BBC7A3 = {
						CreatedOnToolsVersion = 12.0.1;
						TestTargetID = 74EC9874252D819E00BBC7A3;
					};
					74EC9895252D81A000BBC7A3 = {
						CreatedOnToolsVersion = 12.0.1;
						TestTargetID = 74EC9874252D819E00BBC7A3;
					};
				};
			};
			buildConfigurationList = 74EC9870252D819E00BBC7A3 /* Build configuration list for PBXProject "GihubActionTest" */;
			compatibilityVersion = "Xcode 9.3";
			developmentRegion = en;
			hasScannedForEncodings = 0;
			knownRegions = (
				en,
				Base,
			);
			mainGroup = 74EC986C252D819E00BBC7A3;
			productRefGroup = 74EC9876252D819E00BBC7A3 /* Products */;
			projectDirPath = "";
			projectRoot = "";
			targets = (
				74EC9874252D819E00BBC7A3 /* GihubActionTest */,
				74EC988A252D81A000BBC7A3 /* GihubActionTestTests */,
				74EC9895252D81A000BBC7A3 /* GihubActionTestUITests */,
			);
		};
/* End PBXProject section */

/* Begin PBXResourcesBuildPhase section */
		74EC9873252D819E00BBC7A3 /* Resources */ = {
			isa = PBXResourcesBuildPhase;
			buildActionMask = 2147483647;
			files = (
				74EC9885252D81A000BBC7A3 /* LaunchScreen.storyboard in Resources */,
				74EC9882252D81A000BBC7A3 /* Assets.xcassets in Resources */,
				74EC9880252D819E00BBC7A3 /* Main.storyboard in Resources */,
			);
			runOnlyForDeploymentPostprocessing = 0;
		};
		74EC9889252D81A000BBC7A3 /* Resources */ = {
			isa = PBXResourcesBuildPhase;
			buildActionMask = 2147483647;
			files = (
			);
			runOnlyForDeploymentPostprocessing = 0;
		};
		74EC9894252D81A000BBC7A3 /* Resources */ = {
			isa = PBXResourcesBuildPhase;
			buildActionMask = 2147483647;
			files = (
			);
			runOnlyForDeploymentPostprocessing = 0;
		};
/* End PBXResourcesBuildPhase section */

/* Begin PBXSourcesBuildPhase section */
		74EC9871252D819E00BBC7A3 /* Sources */ = {
			isa = PBXSourcesBuildPhase;
			buildActionMask = 2147483647;
			files = (
				74EC987D252D819E00BBC7A3 /* ViewController.swift in Sources */,
				74EC9879252D819E00BBC7A3 /* AppDelegate.swift in Sources */,
				74EC987B252D819E00BBC7A3 /* SceneDelegate.swift in Sources */,
			);
			runOnlyForDeploymentPostprocessing = 0;
		};
		74EC9887252D81A000BBC7A3 /* Sources */ = {
			isa = PBXSourcesBuildPhase;
			buildActionMask = 2147483647;
			files = (
				74EC9890252D81A000BBC7A3 /* GihubActionTestTests.swift in Sources */,
			);
			runOnlyForDeploymentPostprocessing = 0;
		};
		74EC9892252D81A000BBC7A3 /* Sources */ = {
			isa = PBXSourcesBuildPhase;
			buildActionMask = 2147483647;
			files = (
				74EC989B252D81A100BBC7A3 /* GihubActionTestUITests.swift in Sources */,
			);
			runOnlyForDeploymentPostprocessing = 0;
		};
/* End PBXSourcesBuildPhase section */

/* Begin PBXTargetDependency section */
		74EC988D252D81A000BBC7A3 /* PBXTargetDependency */ = {
			isa = PBXTargetDependency;
			target = 74EC9874252D819E00BBC7A3 /* GihubActionTest */;
			targetProxy = 74EC988C252D81A000BBC7A3 /* PBXContainerItemProxy */;
		};
		74EC9898252D81A100BBC7A3 /* PBXTargetDependency */ = {
			isa = PBXTargetDependency;
			target = 74EC9874252D819E00BBC7A3 /* GihubActionTest */;
			targetProxy = 74EC9897252D81A100BBC7A3 /* PBXContainerItemProxy */;
		};
/* End PBXTargetDependency section */

/* Begin PBXVariantGroup section */
		74EC987E252D819E00BBC7A3 /* Main.storyboard */ = {
			isa = PBXVariantGroup;
			children = (
				74EC987F252D819E00BBC7A3 /* Base */,
			);
			name = Main.storyboard;
			sourceTree = "<group>";
		};
		74EC9883252D81A000BBC7A3 /* LaunchScreen.storyboard */ = {
			isa = PBXVariantGroup;
			children = (
				74EC9884252D81A000BBC7A3 /* Base */,
			);
			name = LaunchScreen.storyboard;
			sourceTree = "<group>";
		};
/* End PBXVariantGroup section */

/* Begin XCBuildConfiguration section */
		74EC989D252D81A100BBC7A3 /* Debug */ = {
			isa = XCBuildConfiguration;
			buildSettings = {
				ALWAYS_SEARCH_USER_PATHS = NO;
				CLANG_ANALYZER_NONNULL = YES;
				CLANG_ANALYZER_NUMBER_OBJECT_CONVERSION = YES_AGGRESSIVE;
				CLANG_CXX_LANGUAGE_STANDARD = "gnu++14";
				CLANG_CXX_LIBRARY = "libc++";
				CLANG_ENABLE_MODULES = YES;
				CLANG_ENABLE_OBJC_ARC = YES;
				CLANG_ENABLE_OBJC_WEAK = YES;
				CLANG_WARN_BLOCK_CAPTURE_AUTORELEASING = YES;
				CLANG_WARN_BOOL_CONVERSION = YES;
				CLANG_WARN_COMMA = YES;
				CLANG_WARN_CONSTANT_CONVERSION = YES;
				CLANG_WARN_DEPRECATED_OBJC_IMPLEMENTATIONS = YES;
				CLANG_WARN_DIRECT_OBJC_ISA_USAGE = YES_ERROR;
				CLANG_WARN_DOCUMENTATION_COMMENTS = YES;
				CLANG_WARN_EMPTY_BODY = YES;
				CLANG_WARN_ENUM_CONVERSION = YES;
				CLANG_WARN_INFINITE_RECURSION = YES;
				CLANG_WARN_INT_CONVERSION = YES;
				CLANG_WARN_NON_LITERAL_NULL_CONVERSION = YES;
				CLANG_WARN_OBJC_IMPLICIT_RETAIN_SELF = YES;
				CLANG_WARN_OBJC_LITERAL_CONVERSION = YES;
				CLANG_WARN_OBJC_ROOT_CLASS = YES_ERROR;
				CLANG_WARN_QUOTED_INCLUDE_IN_FRAMEWORK_HEADER = YES;
				CLANG_WARN_RANGE_LOOP_ANALYSIS = YES;
				CLANG_WARN_STRICT_PROTOTYPES = YES;
				CLANG_WARN_SUSPICIOUS_MOVE = YES;
				CLANG_WARN_UNGUARDED_AVAILABILITY = YES_AGGRESSIVE;
				CLANG_WARN_UNREACHABLE_CODE = YES;
				CLANG_WARN__DUPLICATE_METHOD_MATCH = YES;
				COPY_PHASE_STRIP = NO;
				DEBUG_INFORMATION_FORMAT = dwarf;
				ENABLE_STRICT_OBJC_MSGSEND = YES;
				ENABLE_TESTABILITY = YES;
				GCC_C_LANGUAGE_STANDARD = gnu11;
				GCC_DYNAMIC_NO_PIC = NO;
				GCC_NO_COMMON_BLOCKS = YES;
				GCC_OPTIMIZATION_LEVEL = 0;
				GCC_PREPROCESSOR_DEFINITIONS = (
					"DEBUG=1",
					"$(inherited)",
				);
				GCC_WARN_64_TO_32_BIT_CONVERSION = YES;
				GCC_WARN_ABOUT_RETURN_TYPE = YES_ERROR;
				GCC_WARN_UNDECLARED_SELECTOR = YES;
				GCC_WARN_UNINITIALIZED_AUTOS = YES_AGGRESSIVE;
				GCC_WARN_UNUSED_FUNCTION = YES;
				GCC_WARN_UNUSED_VARIABLE = YES;
				IPHONEOS_DEPLOYMENT_TARGET = 14.0;
				MTL_ENABLE_DEBUG_INFO = INCLUDE_SOURCE;
				MTL_FAST_MATH = YES;
				ONLY_ACTIVE_ARCH = YES;
				SDKROOT = iphoneos;
				SWIFT_ACTIVE_COMPILATION_CONDITIONS = DEBUG;
				SWIFT_OPTIMIZATION_LEVEL = "-Onone";
			};
			name = Debug;
		};
		74EC989E252D81A100BBC7A3 /* Release */ = {
			isa = XCBuildConfiguration;
			buildSettings = {
				ALWAYS_SEARCH_USER_PATHS = NO;
				CLANG_ANALYZER_NONNULL = YES;
				CLANG_ANALYZER_NUMBER_OBJECT_CONVERSION = YES_AGGRESSIVE;
				CLANG_CXX_LANGUAGE_STANDARD = "gnu++14";
				CLANG_CXX_LIBRARY = "libc++";
				CLANG_ENABLE_MODULES = YES;
				CLANG_ENABLE_OBJC_ARC = YES;
				CLANG_ENABLE_OBJC_WEAK = YES;
				CLANG_WARN_BLOCK_CAPTURE_AUTORELEASING = YES;
				CLANG_WARN_BOOL_CONVERSION = YES;
				CLANG_WARN_COMMA = YES;
				CLANG_WARN_CONSTANT_CONVERSION = YES;
				CLANG_WARN_DEPRECATED_OBJC_IMPLEMENTATIONS = YES;
				CLANG_WARN_DIRECT_OBJC_ISA_USAGE = YES_ERROR;
				CLANG_WARN_DOCUMENTATION_COMMENTS = YES;
				CLANG_WARN_EMPTY_BODY = YES;
				CLANG_WARN_ENUM_CONVERSION = YES;
				CLANG_WARN_INFINITE_RECURSION = YES;
				CLANG_WARN_INT_CONVERSION = YES;
				CLANG_WARN_NON_LITERAL_NULL_CONVERSION = YES;
				CLANG_WARN_OBJC_IMPLICIT_RETAIN_SELF = YES;
				CLANG_WARN_OBJC_LITERAL_CONVERSION = YES;
				CLANG_WARN_OBJC_ROOT_CLASS = YES_ERROR;
				CLANG_WARN_QUOTED_INCLUDE_IN_FRAMEWORK_HEADER = YES;
				CLANG_WARN_RANGE_LOOP_ANALYSIS = YES;
				CLANG_WARN_STRICT_PROTOTYPES = YES;
				CLANG_WARN_SUSPICIOUS_MOVE = YES;
				CLANG_WARN_UNGUARDED_AVAILABILITY = YES_AGGRESSIVE;
				CLANG_WARN_UNREACHABLE_CODE = YES;
				CLANG_WARN__DUPLICATE_METHOD_MATCH = YES;
				COPY_PHASE_STRIP = NO;
				DEBUG_INFORMATION_FORMAT = "dwarf-with-dsym";
				ENABLE_NS_ASSERTIONS = NO;
				ENABLE_STRICT_OBJC_MSGSEND = YES;
				GCC_C_LANGUAGE_STANDARD = gnu11;
				GCC_NO_COMMON_BLOCKS = YES;
				GCC_WARN_64_TO_32_BIT_CONVERSION = YES;
				GCC_WARN_ABOUT_RETURN_TYPE = YES_ERROR;
				GCC_WARN_UNDECLARED_SELECTOR = YES;
				GCC_WARN_UNINITIALIZED_AUTOS = YES_AGGRESSIVE;
				GCC_WARN_UNUSED_FUNCTION = YES;
				GCC_WARN_UNUSED_VARIABLE = YES;
				IPHONEOS_DEPLOYMENT_TARGET = 14.0;
				MTL_ENABLE_DEBUG_INFO = NO;
				MTL_FAST_MATH = YES;
				SDKROOT = iphoneos;
				SWIFT_COMPILATION_MODE = wholemodule;
				SWIFT_OPTIMIZATION_LEVEL = "-O";
				VALIDATE_PRODUCT = YES;
			};
			name = Release;
		};
		74EC98A0252D81A100BBC7A3 /* Debug */ = {
			isa = XCBuildConfiguration;
			buildSettings = {
				ASSETCATALOG_COMPILER_APPICON_NAME = AppIcon;
				ASSETCATALOG_COMPILER_GLOBAL_ACCENT_COLOR_NAME = AccentColor;
				CODE_SIGN_STYLE = Automatic;
				DEVELOPMENT_TEAM = HSKSVJPZJD;
				INFOPLIST_FILE = GihubActionTest/Info.plist;
				LD_RUNPATH_SEARCH_PATHS = (
					"$(inherited)",
					"@executable_path/Frameworks",
				);
				PRODUCT_BUNDLE_IDENTIFIER = com.js.GihubActionTest;
				PRODUCT_NAME = "$(TARGET_NAME)";
				SWIFT_VERSION = 5.0;
				TARGETED_DEVICE_FAMILY = "1,2";
			};
			name = Debug;
		};
		74EC98A1252D81A100BBC7A3 /* Release */ = {
			isa = XCBuildConfiguration;
			buildSettings = {
				ASSETCATALOG_COMPILER_APPICON_NAME = AppIcon;
				ASSETCATALOG_COMPILER_GLOBAL_ACCENT_COLOR_NAME = AccentColor;
				CODE_SIGN_STYLE = Automatic;
				DEVELOPMENT_TEAM = HSKSVJPZJD;
				INFOPLIST_FILE = GihubActionTest/Info.plist;
				LD_RUNPATH_SEARCH_PATHS = (
					"$(inherited)",
					"@executable_path/Frameworks",
				);
				PRODUCT_BUNDLE_IDENTIFIER = com.js.GihubActionTest;
				PRODUCT_NAME = "$(TARGET_NAME)";
				SWIFT_VERSION = 5.0;
				TARGETED_DEVICE_FAMILY = "1,2";
			};
			name = Release;
		};
		74EC98A3252D81A100BBC7A3 /* Debug */ = {
			isa = XCBuildConfiguration;
			buildSettings = {
				ALWAYS_EMBED_SWIFT_STANDARD_LIBRARIES = YES;
				BUNDLE_LOADER = "$(TEST_HOST)";
				CODE_SIGN_STYLE = Automatic;
				DEVELOPMENT_TEAM = HSKSVJPZJD;
				INFOPLIST_FILE = GihubActionTestTests/Info.plist;
				IPHONEOS_DEPLOYMENT_TARGET = 14.0;
				LD_RUNPATH_SEARCH_PATHS = (
					"$(inherited)",
					"@executable_path/Frameworks",
					"@loader_path/Frameworks",
				);
				PRODUCT_BUNDLE_IDENTIFIER = com.js.GihubActionTestTests;
				PRODUCT_NAME = "$(TARGET_NAME)";
				SWIFT_VERSION = 5.0;
				TARGETED_DEVICE_FAMILY = "1,2";
				TEST_HOST = "$(BUILT_PRODUCTS_DIR)/GihubActionTest.app/GihubActionTest";
			};
			name = Debug;
		};
		74EC98A4252D81A100BBC7A3 /* Release */ = {
			isa = XCBuildConfiguration;
			buildSettings = {
				ALWAYS_EMBED_SWIFT_STANDARD_LIBRARIES = YES;
				BUNDLE_LOADER = "$(TEST_HOST)";
				CODE_SIGN_STYLE = Automatic;
				DEVELOPMENT_TEAM = HSKSVJPZJD;
				INFOPLIST_FILE = GihubActionTestTests/Info.plist;
				IPHONEOS_DEPLOYMENT_TARGET = 14.0;
				LD_RUNPATH_SEARCH_PATHS = (
					"$(inherited)",
					"@executable_path/Frameworks",
					"@loader_path/Frameworks",
				);
				PRODUCT_BUNDLE_IDENTIFIER = com.js.GihubActionTestTests;
				PRODUCT_NAME = "$(TARGET_NAME)";
				SWIFT_VERSION = 5.0;
				TARGETED_DEVICE_FAMILY = "1,2";
				TEST_HOST = "$(BUILT_PRODUCTS_DIR)/GihubActionTest.app/GihubActionTest";
			};
			name = Release;
		};
		74EC98A6252D81A100BBC7A3 /* Debug */ = {
			isa = XCBuildConfiguration;
			buildSettings = {
				ALWAYS_EMBED_SWIFT_STANDARD_LIBRARIES = YES;
				CODE_SIGN_STYLE = Automatic;
				DEVELOPMENT_TEAM = HSKSVJPZJD;
				INFOPLIST_FILE = GihubActionTestUITests/Info.plist;
				LD_RUNPATH_SEARCH_PATHS = (
					"$(inherited)",
					"@executable_path/Frameworks",
					"@loader_path/Frameworks",
				);
				PRODUCT_BUNDLE_IDENTIFIER = com.js.GihubActionTestUITests;
				PRODUCT_NAME = "$(TARGET_NAME)";
				SWIFT_VERSION = 5.0;
				TARGETED_DEVICE_FAMILY = "1,2";
				TEST_TARGET_NAME = GihubActionTest;
			};
			name = Debug;
		};
		74EC98A7252D81A100BBC7A3 /* Release */ = {
			isa = XCBuildConfiguration;
			buildSettings = {
				ALWAYS_EMBED_SWIFT_STANDARD_LIBRARIES = YES;
				CODE_SIGN_STYLE = Automatic;
				DEVELOPMENT_TEAM = HSKSVJPZJD;
				INFOPLIST_FILE = GihubActionTestUITests/Info.plist;
				LD_RUNPATH_SEARCH_PATHS = (
					"$(inherited)",
					"@executable_path/Frameworks",
					"@loader_path/Frameworks",
				);
				PRODUCT_BUNDLE_IDENTIFIER = com.js.GihubActionTestUITests;
				PRODUCT_NAME = "$(TARGET_NAME)";
				SWIFT_VERSION = 5.0;
				TARGETED_DEVICE_FAMILY = "1,2";
				TEST_TARGET_NAME = GihubActionTest;
			};
			name = Release;
		};
/* End XCBuildConfiguration section */

/* Begin XCConfigurationList section */
		74EC9870252D819E00BBC7A3 /* Build configuration list for PBXProject "GihubActionTest" */ = {
			isa = XCConfigurationList;
			buildConfigurations = (
				74EC989D252D81A100BBC7A3 /* Debug */,
				74EC989E252D81A100BBC7A3 /* Release */,
			);
			defaultConfigurationIsVisible = 0;
			defaultConfigurationName = Release;
		};
		74EC989F252D81A100BBC7A3 /* Build configuration list for PBXNativeTarget "GihubActionTest" */ = {
			isa = XCConfigurationList;
			buildConfigurations = (
				74EC98A0252D81A100BBC7A3 /* Debug */,
				74EC98A1252D81A100BBC7A3 /* Release */,
			);
			defaultConfigurationIsVisible = 0;
			defaultConfigurationName = Release;
		};
		74EC98A2252D81A100BBC7A3 /* Build configuration list for PBXNativeTarget "GihubActionTestTests" */ = {
			isa = XCConfigurationList;
			buildConfigurations = (
				74EC98A3252D81A100BBC7A3 /* Debug */,
				74EC98A4252D81A100BBC7A3 /* Release */,
			);
			defaultConfigurationIsVisible = 0;
			defaultConfigurationName = Release;
		};
		74EC98A5252D81A100BBC7A3 /* Build configuration list for PBXNativeTarget "GihubActionTestUITests" */ = {
			isa = XCConfigurationList;
			buildConfigurations = (
				74EC98A6252D81A100BBC7A3 /* Debug */,
				74EC98A7252D81A100BBC7A3 /* Release */,
			);
			defaultConfigurationIsVisible = 0;
			defaultConfigurationName = Release;
		};
/* End XCConfigurationList section */
	};
	rootObject = 74EC986D252D819E00BBC7A3 /* Project object */;
}
